
Microsoft Visual Studio Solution File, Format Version 12.00
# Visual Studio 14
VisualStudioVersion = 14.0.25123.0
MinimumVisualStudioVersion = 10.0.40219.1
Project("{FAE04EC0-301F-11D3-BF4B-00C04F79EFBC}") = "BlogSystem", "BlogSystem\BlogSystem.csproj", "{E99C510A-3DEC-4812-9019-A183F7E1E07C}"
EndProject
Project("{FAE04EC0-301F-11D3-BF4B-00C04F79EFBC}") = "BlogSystem.Data", "BlogSystem.Data\BlogSystem.Data.csproj", "{CF731ADB-C317-4C56-95F1-0395DB67EDBF}"
EndProject
Project("{FAE04EC0-301F-11D3-BF4B-00C04F79EFBC}") = "BlogSystem.Model", "BlogSystem.Model\BlogSystem.Model.csproj", "{005A03C8-4FD1-4C24-B503-D1145F33C63A}"
EndProject
Global
	GlobalSection(SolutionConfigurationPlatforms) = preSolution
		Debug|Any CPU = Debug|Any CPU
		Release|Any CPU = Release|Any CPU
	EndGlobalSection
	GlobalSection(ProjectConfigurationPlatforms) = postSolution
		{E99C510A-3DEC-4812-9019-A183F7E1E07C}.Debug|Any CPU.ActiveCfg = Debug|Any CPU
		{E99C510A-3DEC-4812-9019-A183F7E1E07C}.Debug|Any CPU.Build.0 = Debug|Any CPU
		{E99C510A-3DEC-4812-9019-A183F7E1E07C}.Release|Any CPU.ActiveCfg = Release|Any CPU
		{E99C510A-3DEC-4812-9019-A183F7E1E07C}.Release|Any CPU.Build.0 = Release|Any CPU
		{CF731ADB-C317-4C56-95F1-0395DB67EDBF}.Debug|Any CPU.ActiveCfg = Debug|Any CPU
		{CF731ADB-C317-4C56-95F1-0395DB67EDBF}.Debug|Any CPU.Build.0 = Debug|Any CPU
		{CF731ADB-C317-4C56-95F1-0395DB67EDBF}.Release|Any CPU.ActiveCfg = Release|Any CPU
		{CF731ADB-C317-4C56-95F1-0395DB67EDBF}.Release|Any CPU.Build.0 = Release|Any CPU
		{005A03C8-4FD1-4C24-B503-D1145F33C63A}.Debug|Any CPU.ActiveCfg = Debug|Any CPU
		{005A03C8-4FD1-4C24-B503-D1145F33C63A}.Debug|Any CPU.Build.0 = Debug|Any CPU
		{005A03C8-4FD1-4C24-B503-D1145F33C63A}.Release|Any CPU.ActiveCfg = Release|Any CPU
		{005A03C8-4FD1-4C24-B503-D1145F33C63A}.Release|Any CPU.Build.0 = Release|Any CPU
	EndGlobalSection
	GlobalSection(SolutionProperties) = preSolution
		HideSolutionNode = FALSE
	EndGlobalSection
EndGlobal
